
Microsoft Visual Studio Solution File, Format Version 12.00
# Visual Studio 15
VisualStudioVersion = 15.0.28307.852
MinimumVisualStudioVersion = 10.0.40219.1
Project("{FAE04EC0-301F-11D3-BF4B-00C04F79EFBC}") = "TRPZ_Summer_lessons1", "TRPZ_Summer_lessons1\TRPZ_Summer_lessons1.csproj", "{A2826E42-DB03-4177-9E10-917CDBB14E86}"
EndProject
Project("{FAE04EC0-301F-11D3-BF4B-00C04F79EFBC}") = "One_dop_C(sharp)", "One_dop_C(sharp)\One_dop_C(sharp).csproj", "{84B0472B-9628-425A-A3EA-EAF58F36EEA5}"
EndProject
Global
	GlobalSection(SolutionConfigurationPlatforms) = preSolution
		Debug|Any CPU = Debug|Any CPU
		Release|Any CPU = Release|Any CPU
	EndGlobalSection
	GlobalSection(ProjectConfigurationPlatforms) = postSolution
		{A2826E42-DB03-4177-9E10-917CDBB14E86}.Debug|Any CPU.ActiveCfg = Debug|Any CPU
		{A2826E42-DB03-4177-9E10-917CDBB14E86}.Debug|Any CPU.Build.0 = Debug|Any CPU
		{A2826E42-DB03-4177-9E10-917CDBB14E86}.Release|Any CPU.ActiveCfg = Release|Any CPU
		{A2826E42-DB03-4177-9E10-917CDBB14E86}.Release|Any CPU.Build.0 = Release|Any CPU
		{84B0472B-9628-425A-A3EA-EAF58F36EEA5}.Debug|Any CPU.ActiveCfg = Debug|Any CPU
		{84B0472B-9628-425A-A3EA-EAF58F36EEA5}.Debug|Any CPU.Build.0 = Debug|Any CPU
		{84B0472B-9628-425A-A3EA-EAF58F36EEA5}.Release|Any CPU.ActiveCfg = Release|Any CPU
		{84B0472B-9628-425A-A3EA-EAF58F36EEA5}.Release|Any CPU.Build.0 = Release|Any CPU
	EndGlobalSection
	GlobalSection(SolutionProperties) = preSolution
		HideSolutionNode = FALSE
	EndGlobalSection
	GlobalSection(ExtensibilityGlobals) = postSolution
		SolutionGuid = {4D8EC255-B688-4D8E-81AE-D3D1C19EA6B6}
	EndGlobalSection
EndGlobal
